
Microsoft Visual Studio Solution File, Format Version 12.00
# Visual Studio Version 17
VisualStudioVersion = 17.0.31903.59
MinimumVisualStudioVersion = 10.0.40219.1
Project("{2150E333-8FDC-42A3-9474-1A3956D46DE8}") = "src", "src", "{9AAE3DB4-AA9E-4407-B712-01C28AC8C9FD}"
EndProject
Project("{2150E333-8FDC-42A3-9474-1A3956D46DE8}") = "Solution Items", "Solution Items", "{BA588CBA-8D25-48C4-829E-45FAB04C26CF}"
	ProjectSection(SolutionItems) = preProject
		.editorconfig = .editorconfig
	EndProjectSection
EndProject
Project("{2150E333-8FDC-42A3-9474-1A3956D46DE8}") = "HC.Stories", "HC.Stories", "{2B1DBBE8-A0FB-4AE1-A0C4-7C9F9D467490}"
EndProject
Project("{2150E333-8FDC-42A3-9474-1A3956D46DE8}") = "HC.PlatformUsers", "HC.PlatformUsers", "{0FBB1A22-74C6-4E28-8485-426252190149}"
EndProject
Project("{2150E333-8FDC-42A3-9474-1A3956D46DE8}") = "HC.UserAccounts", "HC.UserAccounts", "{6965F227-1239-403E-98F1-D99F95BEF4FD}"
EndProject
Project("{2150E333-8FDC-42A3-9474-1A3956D46DE8}") = "HC.Notifications", "HC.Notifications", "{4AC27199-4CF8-4409-930D-A028210E98B7}"
EndProject
Project("{2150E333-8FDC-42A3-9474-1A3956D46DE8}") = "Enterprise", "Enterprise", "{5C0F4C75-BD62-493D-BF93-7F65811A82BB}"
EndProject
Project("{9A19103F-16F7-4668-BE54-9A1E7A4F7556}") = "Enterprise.Application", "Enterprise.Application\Enterprise.Application.csproj", "{85A33C94-6854-4631-B695-0AD0C415DBE0}"
EndProject
Project("{9A19103F-16F7-4668-BE54-9A1E7A4F7556}") = "Enterprise.Domain", "Enterprise.Domain\Enterprise.Domain.csproj", "{FC3DE692-D015-4984-B667-60EC87F0879B}"
EndProject
Project("{9A19103F-16F7-4668-BE54-9A1E7A4F7556}") = "HC.Notifications.Domain", "HC.Notifications.Domain\HC.Notifications.Domain.csproj", "{1BEE3E31-197C-42D6-8F23-5D130C1790A5}"
EndProject
Project("{9A19103F-16F7-4668-BE54-9A1E7A4F7556}") = "HC.Stories.Domain", "HC.Stories.Domain\HC.Stories.Domain.csproj", "{066EA3FF-314D-4BEF-BFCF-276DE46F6169}"
EndProject
Project("{9A19103F-16F7-4668-BE54-9A1E7A4F7556}") = "HC.PlatformUsers.Domain", "HC.PlatformUsers.Domain\HC.PlatformUsers.Domain.csproj", "{009B2215-572B-4A98-AF1D-7FDB9ADC615D}"
EndProject
Project("{9A19103F-16F7-4668-BE54-9A1E7A4F7556}") = "HC.UserAccounts.Domain", "HC.UserAccounts.Domain\HC.UserAccounts.Domain.csproj", "{95AFB157-1E84-4BA6-8AAA-3E835412F08E}"
EndProject
Project("{9A19103F-16F7-4668-BE54-9A1E7A4F7556}") = "HC.Notifications.Application.Read", "HC.Notifications.Application.Read\HC.Notifications.Application.Read.csproj", "{DBD85D27-4203-4045-B761-F3C59D1C442F}"
EndProject
Project("{9A19103F-16F7-4668-BE54-9A1E7A4F7556}") = "HC.PlatformUsers.Application.Read", "HC.PlatformUsers.Application.Read\HC.PlatformUsers.Application.Read.csproj", "{931057AC-7EAA-4E98-964E-8643BA93AD27}"
EndProject
Project("{9A19103F-16F7-4668-BE54-9A1E7A4F7556}") = "HC.Stories.Application.Read", "HC.Stories.Application.Read\HC.Stories.Application.Read.csproj", "{6D9C3C88-10E3-4191-89FC-7692141E8B07}"
EndProject
Project("{9A19103F-16F7-4668-BE54-9A1E7A4F7556}") = "Enterprise.FileStorage", "Enterprise.FileStorage\Enterprise.FileStorage.csproj", "{1560E4CF-F563-4D09-88AC-2DDC9F3B022C}"
EndProject
Project("{9A19103F-16F7-4668-BE54-9A1E7A4F7556}") = "Enterprise.Images", "Enterprise.Images\Enterprise.Images.csproj", "{A1065BE2-EFEA-4041-91AB-4AF21CEF349D}"
EndProject
Project("{9A19103F-16F7-4668-BE54-9A1E7A4F7556}") = "Enterprise.Jwt", "Enterprise.Jwt\Enterprise.Jwt.csproj", "{654412FE-8E0F-4C8F-9EBB-EBBA40FFC9FA}"
EndProject
Project("{9A19103F-16F7-4668-BE54-9A1E7A4F7556}") = "Enterprise.Generators", "Enterprise.Generators\Enterprise.Generators.csproj", "{008D8C1C-9BAB-46EB-86D5-3E121B175207}"
EndProject
Project("{9A19103F-16F7-4668-BE54-9A1E7A4F7556}") = "HC.Notifications.Application.Write", "HC.Notifications.Application.Write\HC.Notifications.Application.Write.csproj", "{AF201F94-C1E6-4117-B1C6-F2F618233D47}"
EndProject
Project("{9A19103F-16F7-4668-BE54-9A1E7A4F7556}") = "HC.PlatformUsers.Application.Write", "HC.PlatformUsers.Application.Write\HC.PlatformUsers.Application.Write.csproj", "{EBBE6312-D882-44F5-BB16-44A28B8DD9D5}"
EndProject
Project("{9A19103F-16F7-4668-BE54-9A1E7A4F7556}") = "HC.Stories.Application.Write", "HC.Stories.Application.Write\HC.Stories.Application.Write.csproj", "{8493F89A-60C9-4C9A-875E-491CE64EC709}"
EndProject
Project("{9A19103F-16F7-4668-BE54-9A1E7A4F7556}") = "HC.UserAccounts.Application.Write", "HC.UserAccounts.Application.Write\HC.UserAccounts.Application.Write.csproj", "{FEDEB229-95E1-446C-8262-336073B38588}"
EndProject
Project("{9A19103F-16F7-4668-BE54-9A1E7A4F7556}") = "HC.Notifications.SignalR", "HC.Notifications.SignalR\HC.Notifications.SignalR.csproj", "{E11BC03A-19C7-4777-B63E-8D3C45C24594}"
EndProject
Project("{9A19103F-16F7-4668-BE54-9A1E7A4F7556}") = "Enterprise.Outbox", "Enterprise.Outbox\Enterprise.Outbox.csproj", "{94C9ACD4-A327-4F68-98FE-DC946B134A5E}"
EndProject
Project("{9A19103F-16F7-4668-BE54-9A1E7A4F7556}") = "HC.Notifications.EventHandlers", "HC.Notifications.EventHandlers\HC.Notifications.EventHandlers.csproj", "{4EF7550F-3D4E-4947-AFD2-E21AEDF4F70E}"
EndProject
Project("{9A19103F-16F7-4668-BE54-9A1E7A4F7556}") = "HC.PlatformUsers.EventHandlers", "HC.PlatformUsers.EventHandlers\HC.PlatformUsers.EventHandlers.csproj", "{E3C1110C-E1C5-4445-BB95-76F38C713E27}"
EndProject
Project("{9A19103F-16F7-4668-BE54-9A1E7A4F7556}") = "HC.Stories.EventHandlers", "HC.Stories.EventHandlers\HC.Stories.EventHandlers.csproj", "{1282B73A-A2DE-48F0-9E4B-EC1023C0CBF4}"
EndProject
Project("{9A19103F-16F7-4668-BE54-9A1E7A4F7556}") = "HC.UserAccounts.EventHandlers", "HC.UserAccounts.EventHandlers\HC.UserAccounts.EventHandlers.csproj", "{1A8E741E-1AE4-4DDD-B6B8-4B93BF91FBB7}"
EndProject
Project("{9A19103F-16F7-4668-BE54-9A1E7A4F7556}") = "HC.Notifications.Persistence.Read", "HC.Notifications.Persistence.Read\HC.Notifications.Persistence.Read.csproj", "{41233CEA-464D-485E-A9B4-2C483B56714A}"
EndProject
Project("{9A19103F-16F7-4668-BE54-9A1E7A4F7556}") = "HC.PlatformUsers.Persistence.Read", "HC.PlatformUsers.Persistence.Read\HC.PlatformUsers.Persistence.Read.csproj", "{08BBFC01-3AEC-48FB-8486-5025846CA09E}"
EndProject
Project("{9A19103F-16F7-4668-BE54-9A1E7A4F7556}") = "HC.Stories.Persistence.Read", "HC.Stories.Persistence.Read\HC.Stories.Persistence.Read.csproj", "{2E947107-CF42-44F2-B6D8-E321C26A424D}"
EndProject
Project("{9A19103F-16F7-4668-BE54-9A1E7A4F7556}") = "Enterprise.Persistence", "Enterprise.Persistence\Enterprise.Persistence.csproj", "{2DEFDEC1-2C31-470F-B733-F3EF8136C257}"
EndProject
Project("{9A19103F-16F7-4668-BE54-9A1E7A4F7556}") = "HC.Notifications.Persistence.Write", "HC.Notifications.Persistence.Write\HC.Notifications.Persistence.Write.csproj", "{2A3FEFBD-007B-4205-990B-F8879CF8E11B}"
EndProject
Project("{9A19103F-16F7-4668-BE54-9A1E7A4F7556}") = "HC.PlatformUsers.Persistence.Write", "HC.PlatformUsers.Persistence.Write\HC.PlatformUsers.Persistence.Write.csproj", "{D9D3CBE4-E1FC-41AC-8271-DFD2886FDEC4}"
EndProject
Project("{9A19103F-16F7-4668-BE54-9A1E7A4F7556}") = "HC.Stories.Persistence.Write", "HC.Stories.Persistence.Write\HC.Stories.Persistence.Write.csproj", "{3F0B36D6-D2E7-4ED6-A968-1AE352402575}"
EndProject
Project("{9A19103F-16F7-4668-BE54-9A1E7A4F7556}") = "HC.UserAccounts.Persistence.Write", "HC.UserAccounts.Persistence.Write\HC.UserAccounts.Persistence.Write.csproj", "{798F9E0A-3439-424E-B907-772B7CF1433E}"
EndProject
Project("{9A19103F-16F7-4668-BE54-9A1E7A4F7556}") = "Enterprise.Api.Rest", "Enterprise.Api.Rest\Enterprise.Api.Rest.csproj", "{769CC003-6EA9-428F-B154-F9BB9D9DBDC7}"
EndProject
Project("{9A19103F-16F7-4668-BE54-9A1E7A4F7556}") = "HC.Notifications.Persistence.Context", "HC.Notifications.Persistence.Context\HC.Notifications.Persistence.Context.csproj", "{A3C373CF-26DE-45D0-833B-12FEAA13D817}"
EndProject
Project("{9A19103F-16F7-4668-BE54-9A1E7A4F7556}") = "HC.PlatformUsers.Persistence.Context", "HC.PlatformUsers.Persistence.Context\HC.PlatformUsers.Persistence.Context.csproj", "{505B5FF8-8F8E-4C40-B2A0-D167423B3577}"
EndProject
Project("{9A19103F-16F7-4668-BE54-9A1E7A4F7556}") = "HC.Stories.Persistence.Context", "HC.Stories.Persistence.Context\HC.Stories.Persistence.Context.csproj", "{33A113D6-DF23-4973-B904-A34105467B57}"
EndProject
Project("{9A19103F-16F7-4668-BE54-9A1E7A4F7556}") = "HC.UserAccounts.Persistence.Context", "HC.UserAccounts.Persistence.Context\HC.UserAccounts.Persistence.Context.csproj", "{781E0998-5232-4076-885A-4B6FCD5ACDDB}"
EndProject
Project("{9A19103F-16F7-4668-BE54-9A1E7A4F7556}") = "Enterprise.Persistence.Context", "Enterprise.Persistence.Context\Enterprise.Persistence.Context.csproj", "{045817E7-D5AA-49C6-8245-47C67135CFEF}"
EndProject
Project("{9A19103F-16F7-4668-BE54-9A1E7A4F7556}") = "HC.Notifications.Api.Rest", "HC.Notifications.Api.Rest\HC.Notifications.Api.Rest.csproj", "{B00A31F6-85CD-46CC-AD2C-83DA7FE9663A}"
EndProject
Project("{9A19103F-16F7-4668-BE54-9A1E7A4F7556}") = "HC.UserAccounts.Api.Rest", "HC.UserAccounts.Api.Rest\HC.UserAccounts.Api.Rest.csproj", "{8858EB43-F8F9-4662-B9B2-08BF954BA8B2}"
EndProject
Project("{9A19103F-16F7-4668-BE54-9A1E7A4F7556}") = "HC.Stories.Api.Rest", "HC.Stories.Api.Rest\HC.Stories.Api.Rest.csproj", "{8C093584-5281-4813-A720-25BE5FFEBC62}"
EndProject
Project("{9A19103F-16F7-4668-BE54-9A1E7A4F7556}") = "HC.PlatformUsers.Api.Rest", "HC.PlatformUsers.Api.Rest\HC.PlatformUsers.Api.Rest.csproj", "{A6D18CC6-4E24-4032-A9D3-B4C6F7C4F97D}"
EndProject
Project("{9A19103F-16F7-4668-BE54-9A1E7A4F7556}") = "Enterprise.EventHandlers", "Enterprise.EventHandlers\Enterprise.EventHandlers.csproj", "{E9C94369-302D-4D1E-963A-A0CC35B33F9E}"
EndProject
Project("{9A19103F-16F7-4668-BE54-9A1E7A4F7556}") = "HC.Notifications.Domain.Events", "HC.Notifications.Domain.Events\HC.Notifications.Domain.Events.csproj", "{BD01E706-FD7A-4142-B3F2-99FDDEFAA5FF}"
EndProject
Project("{9A19103F-16F7-4668-BE54-9A1E7A4F7556}") = "HC.PlatformUsers.Domain.Events", "HC.PlatformUsers.Domain.Events\HC.PlatformUsers.Domain.Events.csproj", "{AC321D91-D800-4780-9E3D-7D829D9BBEED}"
EndProject
Project("{9A19103F-16F7-4668-BE54-9A1E7A4F7556}") = "HC.Stories.Domain.Events", "HC.Stories.Domain.Events\HC.Stories.Domain.Events.csproj", "{3567C459-ED52-4346-9471-8BC377D03B3D}"
EndProject
Project("{9A19103F-16F7-4668-BE54-9A1E7A4F7556}") = "HC.UserAccounts.Domain.Events", "HC.UserAccounts.Domain.Events\HC.UserAccounts.Domain.Events.csproj", "{A9A1E808-B982-4B97-B0D8-DD1036B2D86C}"
EndProject
Project("{9A19103F-16F7-4668-BE54-9A1E7A4F7556}") = "HC.Notifications.Jobs", "HC.Notifications.Jobs\HC.Notifications.Jobs.csproj", "{F4BACE40-319D-4301-8231-48CE873C43CC}"
EndProject
Project("{9A19103F-16F7-4668-BE54-9A1E7A4F7556}") = "HC.UserAccounts.Jobs", "HC.UserAccounts.Jobs\HC.UserAccounts.Jobs.csproj", "{D31A67D8-3E1E-4BC9-9671-4BB11143D44F}"
EndProject
Project("{9A19103F-16F7-4668-BE54-9A1E7A4F7556}") = "HC.Stories.Jobs", "HC.Stories.Jobs\HC.Stories.Jobs.csproj", "{BDC179C8-EA86-4DB7-9118-2AC3520B971D}"
EndProject
Project("{9A19103F-16F7-4668-BE54-9A1E7A4F7556}") = "HC.PlatformUsers.Jobs", "HC.PlatformUsers.Jobs\HC.PlatformUsers.Jobs.csproj", "{2FB114DA-C41F-49D4-9AB2-A415F730463D}"
EndProject
Project("{2150E333-8FDC-42A3-9474-1A3956D46DE8}") = "ApplicationHosting", "ApplicationHosting", "{85BA2809-EF40-4F1E-A7D7-8DEA16957E1E}"
EndProject
Project("{FAE04EC0-301F-11D3-BF4B-00C04F79EFBC}") = "HC.AppHost", "HC.AppHost\HC.AppHost.csproj", "{40B0FDB6-707A-4077-B966-83B64C689E01}"
EndProject
Project("{FAE04EC0-301F-11D3-BF4B-00C04F79EFBC}") = "HC.ServiceDefaults", "HC.ServiceDefaults\HC.ServiceDefaults.csproj", "{547E32F7-AFC1-BC97-01AF-D8488FE0D96A}"
EndProject
Global
	GlobalSection(SolutionConfigurationPlatforms) = preSolution
		Debug|Any CPU = Debug|Any CPU
		Release|Any CPU = Release|Any CPU
	EndGlobalSection
	GlobalSection(ProjectConfigurationPlatforms) = postSolution
		{85A33C94-6854-4631-B695-0AD0C415DBE0}.Debug|Any CPU.ActiveCfg = Debug|Any CPU
		{85A33C94-6854-4631-B695-0AD0C415DBE0}.Debug|Any CPU.Build.0 = Debug|Any CPU
		{85A33C94-6854-4631-B695-0AD0C415DBE0}.Release|Any CPU.ActiveCfg = Release|Any CPU
		{85A33C94-6854-4631-B695-0AD0C415DBE0}.Release|Any CPU.Build.0 = Release|Any CPU
		{FC3DE692-D015-4984-B667-60EC87F0879B}.Debug|Any CPU.ActiveCfg = Debug|Any CPU
		{FC3DE692-D015-4984-B667-60EC87F0879B}.Debug|Any CPU.Build.0 = Debug|Any CPU
		{FC3DE692-D015-4984-B667-60EC87F0879B}.Release|Any CPU.ActiveCfg = Release|Any CPU
		{FC3DE692-D015-4984-B667-60EC87F0879B}.Release|Any CPU.Build.0 = Release|Any CPU
		{1BEE3E31-197C-42D6-8F23-5D130C1790A5}.Debug|Any CPU.ActiveCfg = Debug|Any CPU
		{1BEE3E31-197C-42D6-8F23-5D130C1790A5}.Debug|Any CPU.Build.0 = Debug|Any CPU
		{1BEE3E31-197C-42D6-8F23-5D130C1790A5}.Release|Any CPU.ActiveCfg = Release|Any CPU
		{1BEE3E31-197C-42D6-8F23-5D130C1790A5}.Release|Any CPU.Build.0 = Release|Any CPU
		{066EA3FF-314D-4BEF-BFCF-276DE46F6169}.Debug|Any CPU.ActiveCfg = Debug|Any CPU
		{066EA3FF-314D-4BEF-BFCF-276DE46F6169}.Debug|Any CPU.Build.0 = Debug|Any CPU
		{066EA3FF-314D-4BEF-BFCF-276DE46F6169}.Release|Any CPU.ActiveCfg = Release|Any CPU
		{066EA3FF-314D-4BEF-BFCF-276DE46F6169}.Release|Any CPU.Build.0 = Release|Any CPU
		{009B2215-572B-4A98-AF1D-7FDB9ADC615D}.Debug|Any CPU.ActiveCfg = Debug|Any CPU
		{009B2215-572B-4A98-AF1D-7FDB9ADC615D}.Debug|Any CPU.Build.0 = Debug|Any CPU
		{009B2215-572B-4A98-AF1D-7FDB9ADC615D}.Release|Any CPU.ActiveCfg = Release|Any CPU
		{009B2215-572B-4A98-AF1D-7FDB9ADC615D}.Release|Any CPU.Build.0 = Release|Any CPU
		{95AFB157-1E84-4BA6-8AAA-3E835412F08E}.Debug|Any CPU.ActiveCfg = Debug|Any CPU
		{95AFB157-1E84-4BA6-8AAA-3E835412F08E}.Debug|Any CPU.Build.0 = Debug|Any CPU
		{95AFB157-1E84-4BA6-8AAA-3E835412F08E}.Release|Any CPU.ActiveCfg = Release|Any CPU
		{95AFB157-1E84-4BA6-8AAA-3E835412F08E}.Release|Any CPU.Build.0 = Release|Any CPU
		{DBD85D27-4203-4045-B761-F3C59D1C442F}.Debug|Any CPU.ActiveCfg = Debug|Any CPU
		{DBD85D27-4203-4045-B761-F3C59D1C442F}.Debug|Any CPU.Build.0 = Debug|Any CPU
		{DBD85D27-4203-4045-B761-F3C59D1C442F}.Release|Any CPU.ActiveCfg = Release|Any CPU
		{DBD85D27-4203-4045-B761-F3C59D1C442F}.Release|Any CPU.Build.0 = Release|Any CPU
		{931057AC-7EAA-4E98-964E-8643BA93AD27}.Debug|Any CPU.ActiveCfg = Debug|Any CPU
		{931057AC-7EAA-4E98-964E-8643BA93AD27}.Debug|Any CPU.Build.0 = Debug|Any CPU
		{931057AC-7EAA-4E98-964E-8643BA93AD27}.Release|Any CPU.ActiveCfg = Release|Any CPU
		{931057AC-7EAA-4E98-964E-8643BA93AD27}.Release|Any CPU.Build.0 = Release|Any CPU
		{6D9C3C88-10E3-4191-89FC-7692141E8B07}.Debug|Any CPU.ActiveCfg = Debug|Any CPU
		{6D9C3C88-10E3-4191-89FC-7692141E8B07}.Debug|Any CPU.Build.0 = Debug|Any CPU
		{6D9C3C88-10E3-4191-89FC-7692141E8B07}.Release|Any CPU.ActiveCfg = Release|Any CPU
		{6D9C3C88-10E3-4191-89FC-7692141E8B07}.Release|Any CPU.Build.0 = Release|Any CPU
		{1560E4CF-F563-4D09-88AC-2DDC9F3B022C}.Debug|Any CPU.ActiveCfg = Debug|Any CPU
		{1560E4CF-F563-4D09-88AC-2DDC9F3B022C}.Debug|Any CPU.Build.0 = Debug|Any CPU
		{1560E4CF-F563-4D09-88AC-2DDC9F3B022C}.Release|Any CPU.ActiveCfg = Release|Any CPU
		{1560E4CF-F563-4D09-88AC-2DDC9F3B022C}.Release|Any CPU.Build.0 = Release|Any CPU
		{A1065BE2-EFEA-4041-91AB-4AF21CEF349D}.Debug|Any CPU.ActiveCfg = Debug|Any CPU
		{A1065BE2-EFEA-4041-91AB-4AF21CEF349D}.Debug|Any CPU.Build.0 = Debug|Any CPU
		{A1065BE2-EFEA-4041-91AB-4AF21CEF349D}.Release|Any CPU.ActiveCfg = Release|Any CPU
		{A1065BE2-EFEA-4041-91AB-4AF21CEF349D}.Release|Any CPU.Build.0 = Release|Any CPU
		{654412FE-8E0F-4C8F-9EBB-EBBA40FFC9FA}.Debug|Any CPU.ActiveCfg = Debug|Any CPU
		{654412FE-8E0F-4C8F-9EBB-EBBA40FFC9FA}.Debug|Any CPU.Build.0 = Debug|Any CPU
		{654412FE-8E0F-4C8F-9EBB-EBBA40FFC9FA}.Release|Any CPU.ActiveCfg = Release|Any CPU
		{654412FE-8E0F-4C8F-9EBB-EBBA40FFC9FA}.Release|Any CPU.Build.0 = Release|Any CPU
		{008D8C1C-9BAB-46EB-86D5-3E121B175207}.Debug|Any CPU.ActiveCfg = Debug|Any CPU
		{008D8C1C-9BAB-46EB-86D5-3E121B175207}.Debug|Any CPU.Build.0 = Debug|Any CPU
		{008D8C1C-9BAB-46EB-86D5-3E121B175207}.Release|Any CPU.ActiveCfg = Release|Any CPU
		{008D8C1C-9BAB-46EB-86D5-3E121B175207}.Release|Any CPU.Build.0 = Release|Any CPU
		{AF201F94-C1E6-4117-B1C6-F2F618233D47}.Debug|Any CPU.ActiveCfg = Debug|Any CPU
		{AF201F94-C1E6-4117-B1C6-F2F618233D47}.Debug|Any CPU.Build.0 = Debug|Any CPU
		{AF201F94-C1E6-4117-B1C6-F2F618233D47}.Release|Any CPU.ActiveCfg = Release|Any CPU
		{AF201F94-C1E6-4117-B1C6-F2F618233D47}.Release|Any CPU.Build.0 = Release|Any CPU
		{EBBE6312-D882-44F5-BB16-44A28B8DD9D5}.Debug|Any CPU.ActiveCfg = Debug|Any CPU
		{EBBE6312-D882-44F5-BB16-44A28B8DD9D5}.Debug|Any CPU.Build.0 = Debug|Any CPU
		{EBBE6312-D882-44F5-BB16-44A28B8DD9D5}.Release|Any CPU.ActiveCfg = Release|Any CPU
		{EBBE6312-D882-44F5-BB16-44A28B8DD9D5}.Release|Any CPU.Build.0 = Release|Any CPU
		{8493F89A-60C9-4C9A-875E-491CE64EC709}.Debug|Any CPU.ActiveCfg = Debug|Any CPU
		{8493F89A-60C9-4C9A-875E-491CE64EC709}.Debug|Any CPU.Build.0 = Debug|Any CPU
		{8493F89A-60C9-4C9A-875E-491CE64EC709}.Release|Any CPU.ActiveCfg = Release|Any CPU
		{8493F89A-60C9-4C9A-875E-491CE64EC709}.Release|Any CPU.Build.0 = Release|Any CPU
		{FEDEB229-95E1-446C-8262-336073B38588}.Debug|Any CPU.ActiveCfg = Debug|Any CPU
		{FEDEB229-95E1-446C-8262-336073B38588}.Debug|Any CPU.Build.0 = Debug|Any CPU
		{FEDEB229-95E1-446C-8262-336073B38588}.Release|Any CPU.ActiveCfg = Release|Any CPU
		{FEDEB229-95E1-446C-8262-336073B38588}.Release|Any CPU.Build.0 = Release|Any CPU
		{E11BC03A-19C7-4777-B63E-8D3C45C24594}.Debug|Any CPU.ActiveCfg = Debug|Any CPU
		{E11BC03A-19C7-4777-B63E-8D3C45C24594}.Debug|Any CPU.Build.0 = Debug|Any CPU
		{E11BC03A-19C7-4777-B63E-8D3C45C24594}.Release|Any CPU.ActiveCfg = Release|Any CPU
		{E11BC03A-19C7-4777-B63E-8D3C45C24594}.Release|Any CPU.Build.0 = Release|Any CPU
		{94C9ACD4-A327-4F68-98FE-DC946B134A5E}.Debug|Any CPU.ActiveCfg = Debug|Any CPU
		{94C9ACD4-A327-4F68-98FE-DC946B134A5E}.Debug|Any CPU.Build.0 = Debug|Any CPU
		{94C9ACD4-A327-4F68-98FE-DC946B134A5E}.Release|Any CPU.ActiveCfg = Release|Any CPU
		{94C9ACD4-A327-4F68-98FE-DC946B134A5E}.Release|Any CPU.Build.0 = Release|Any CPU
		{4EF7550F-3D4E-4947-AFD2-E21AEDF4F70E}.Debug|Any CPU.ActiveCfg = Debug|Any CPU
		{4EF7550F-3D4E-4947-AFD2-E21AEDF4F70E}.Debug|Any CPU.Build.0 = Debug|Any CPU
		{4EF7550F-3D4E-4947-AFD2-E21AEDF4F70E}.Release|Any CPU.ActiveCfg = Release|Any CPU
		{4EF7550F-3D4E-4947-AFD2-E21AEDF4F70E}.Release|Any CPU.Build.0 = Release|Any CPU
		{E3C1110C-E1C5-4445-BB95-76F38C713E27}.Debug|Any CPU.ActiveCfg = Debug|Any CPU
		{E3C1110C-E1C5-4445-BB95-76F38C713E27}.Debug|Any CPU.Build.0 = Debug|Any CPU
		{E3C1110C-E1C5-4445-BB95-76F38C713E27}.Release|Any CPU.ActiveCfg = Release|Any CPU
		{E3C1110C-E1C5-4445-BB95-76F38C713E27}.Release|Any CPU.Build.0 = Release|Any CPU
		{1282B73A-A2DE-48F0-9E4B-EC1023C0CBF4}.Debug|Any CPU.ActiveCfg = Debug|Any CPU
		{1282B73A-A2DE-48F0-9E4B-EC1023C0CBF4}.Debug|Any CPU.Build.0 = Debug|Any CPU
		{1282B73A-A2DE-48F0-9E4B-EC1023C0CBF4}.Release|Any CPU.ActiveCfg = Release|Any CPU
		{1282B73A-A2DE-48F0-9E4B-EC1023C0CBF4}.Release|Any CPU.Build.0 = Release|Any CPU
		{1A8E741E-1AE4-4DDD-B6B8-4B93BF91FBB7}.Debug|Any CPU.ActiveCfg = Debug|Any CPU
		{1A8E741E-1AE4-4DDD-B6B8-4B93BF91FBB7}.Debug|Any CPU.Build.0 = Debug|Any CPU
		{1A8E741E-1AE4-4DDD-B6B8-4B93BF91FBB7}.Release|Any CPU.ActiveCfg = Release|Any CPU
		{1A8E741E-1AE4-4DDD-B6B8-4B93BF91FBB7}.Release|Any CPU.Build.0 = Release|Any CPU
		{41233CEA-464D-485E-A9B4-2C483B56714A}.Debug|Any CPU.ActiveCfg = Debug|Any CPU
		{41233CEA-464D-485E-A9B4-2C483B56714A}.Debug|Any CPU.Build.0 = Debug|Any CPU
		{41233CEA-464D-485E-A9B4-2C483B56714A}.Release|Any CPU.ActiveCfg = Release|Any CPU
		{41233CEA-464D-485E-A9B4-2C483B56714A}.Release|Any CPU.Build.0 = Release|Any CPU
		{08BBFC01-3AEC-48FB-8486-5025846CA09E}.Debug|Any CPU.ActiveCfg = Debug|Any CPU
		{08BBFC01-3AEC-48FB-8486-5025846CA09E}.Debug|Any CPU.Build.0 = Debug|Any CPU
		{08BBFC01-3AEC-48FB-8486-5025846CA09E}.Release|Any CPU.ActiveCfg = Release|Any CPU
		{08BBFC01-3AEC-48FB-8486-5025846CA09E}.Release|Any CPU.Build.0 = Release|Any CPU
		{2E947107-CF42-44F2-B6D8-E321C26A424D}.Debug|Any CPU.ActiveCfg = Debug|Any CPU
		{2E947107-CF42-44F2-B6D8-E321C26A424D}.Debug|Any CPU.Build.0 = Debug|Any CPU
		{2E947107-CF42-44F2-B6D8-E321C26A424D}.Release|Any CPU.ActiveCfg = Release|Any CPU
		{2E947107-CF42-44F2-B6D8-E321C26A424D}.Release|Any CPU.Build.0 = Release|Any CPU
		{2DEFDEC1-2C31-470F-B733-F3EF8136C257}.Debug|Any CPU.ActiveCfg = Debug|Any CPU
		{2DEFDEC1-2C31-470F-B733-F3EF8136C257}.Debug|Any CPU.Build.0 = Debug|Any CPU
		{2DEFDEC1-2C31-470F-B733-F3EF8136C257}.Release|Any CPU.ActiveCfg = Release|Any CPU
		{2DEFDEC1-2C31-470F-B733-F3EF8136C257}.Release|Any CPU.Build.0 = Release|Any CPU
		{2A3FEFBD-007B-4205-990B-F8879CF8E11B}.Debug|Any CPU.ActiveCfg = Debug|Any CPU
		{2A3FEFBD-007B-4205-990B-F8879CF8E11B}.Debug|Any CPU.Build.0 = Debug|Any CPU
		{2A3FEFBD-007B-4205-990B-F8879CF8E11B}.Release|Any CPU.ActiveCfg = Release|Any CPU
		{2A3FEFBD-007B-4205-990B-F8879CF8E11B}.Release|Any CPU.Build.0 = Release|Any CPU
		{D9D3CBE4-E1FC-41AC-8271-DFD2886FDEC4}.Debug|Any CPU.ActiveCfg = Debug|Any CPU
		{D9D3CBE4-E1FC-41AC-8271-DFD2886FDEC4}.Debug|Any CPU.Build.0 = Debug|Any CPU
		{D9D3CBE4-E1FC-41AC-8271-DFD2886FDEC4}.Release|Any CPU.ActiveCfg = Release|Any CPU
		{D9D3CBE4-E1FC-41AC-8271-DFD2886FDEC4}.Release|Any CPU.Build.0 = Release|Any CPU
		{3F0B36D6-D2E7-4ED6-A968-1AE352402575}.Debug|Any CPU.ActiveCfg = Debug|Any CPU
		{3F0B36D6-D2E7-4ED6-A968-1AE352402575}.Debug|Any CPU.Build.0 = Debug|Any CPU
		{3F0B36D6-D2E7-4ED6-A968-1AE352402575}.Release|Any CPU.ActiveCfg = Release|Any CPU
		{3F0B36D6-D2E7-4ED6-A968-1AE352402575}.Release|Any CPU.Build.0 = Release|Any CPU
		{798F9E0A-3439-424E-B907-772B7CF1433E}.Debug|Any CPU.ActiveCfg = Debug|Any CPU
		{798F9E0A-3439-424E-B907-772B7CF1433E}.Debug|Any CPU.Build.0 = Debug|Any CPU
		{798F9E0A-3439-424E-B907-772B7CF1433E}.Release|Any CPU.ActiveCfg = Release|Any CPU
		{798F9E0A-3439-424E-B907-772B7CF1433E}.Release|Any CPU.Build.0 = Release|Any CPU
		{769CC003-6EA9-428F-B154-F9BB9D9DBDC7}.Debug|Any CPU.ActiveCfg = Debug|Any CPU
		{769CC003-6EA9-428F-B154-F9BB9D9DBDC7}.Debug|Any CPU.Build.0 = Debug|Any CPU
		{769CC003-6EA9-428F-B154-F9BB9D9DBDC7}.Release|Any CPU.ActiveCfg = Release|Any CPU
		{769CC003-6EA9-428F-B154-F9BB9D9DBDC7}.Release|Any CPU.Build.0 = Release|Any CPU
		{A3C373CF-26DE-45D0-833B-12FEAA13D817}.Debug|Any CPU.ActiveCfg = Debug|Any CPU
		{A3C373CF-26DE-45D0-833B-12FEAA13D817}.Debug|Any CPU.Build.0 = Debug|Any CPU
		{A3C373CF-26DE-45D0-833B-12FEAA13D817}.Release|Any CPU.ActiveCfg = Release|Any CPU
		{A3C373CF-26DE-45D0-833B-12FEAA13D817}.Release|Any CPU.Build.0 = Release|Any CPU
		{505B5FF8-8F8E-4C40-B2A0-D167423B3577}.Debug|Any CPU.ActiveCfg = Debug|Any CPU
		{505B5FF8-8F8E-4C40-B2A0-D167423B3577}.Debug|Any CPU.Build.0 = Debug|Any CPU
		{505B5FF8-8F8E-4C40-B2A0-D167423B3577}.Release|Any CPU.ActiveCfg = Release|Any CPU
		{505B5FF8-8F8E-4C40-B2A0-D167423B3577}.Release|Any CPU.Build.0 = Release|Any CPU
		{33A113D6-DF23-4973-B904-A34105467B57}.Debug|Any CPU.ActiveCfg = Debug|Any CPU
		{33A113D6-DF23-4973-B904-A34105467B57}.Debug|Any CPU.Build.0 = Debug|Any CPU
		{33A113D6-DF23-4973-B904-A34105467B57}.Release|Any CPU.ActiveCfg = Release|Any CPU
		{33A113D6-DF23-4973-B904-A34105467B57}.Release|Any CPU.Build.0 = Release|Any CPU
		{781E0998-5232-4076-885A-4B6FCD5ACDDB}.Debug|Any CPU.ActiveCfg = Debug|Any CPU
		{781E0998-5232-4076-885A-4B6FCD5ACDDB}.Debug|Any CPU.Build.0 = Debug|Any CPU
		{781E0998-5232-4076-885A-4B6FCD5ACDDB}.Release|Any CPU.ActiveCfg = Release|Any CPU
		{781E0998-5232-4076-885A-4B6FCD5ACDDB}.Release|Any CPU.Build.0 = Release|Any CPU
		{045817E7-D5AA-49C6-8245-47C67135CFEF}.Debug|Any CPU.ActiveCfg = Debug|Any CPU
		{045817E7-D5AA-49C6-8245-47C67135CFEF}.Debug|Any CPU.Build.0 = Debug|Any CPU
		{045817E7-D5AA-49C6-8245-47C67135CFEF}.Release|Any CPU.ActiveCfg = Release|Any CPU
		{045817E7-D5AA-49C6-8245-47C67135CFEF}.Release|Any CPU.Build.0 = Release|Any CPU
		{B00A31F6-85CD-46CC-AD2C-83DA7FE9663A}.Debug|Any CPU.ActiveCfg = Debug|Any CPU
		{B00A31F6-85CD-46CC-AD2C-83DA7FE9663A}.Debug|Any CPU.Build.0 = Debug|Any CPU
		{B00A31F6-85CD-46CC-AD2C-83DA7FE9663A}.Release|Any CPU.ActiveCfg = Release|Any CPU
		{B00A31F6-85CD-46CC-AD2C-83DA7FE9663A}.Release|Any CPU.Build.0 = Release|Any CPU
		{8858EB43-F8F9-4662-B9B2-08BF954BA8B2}.Debug|Any CPU.ActiveCfg = Debug|Any CPU
		{8858EB43-F8F9-4662-B9B2-08BF954BA8B2}.Debug|Any CPU.Build.0 = Debug|Any CPU
		{8858EB43-F8F9-4662-B9B2-08BF954BA8B2}.Release|Any CPU.ActiveCfg = Release|Any CPU
		{8858EB43-F8F9-4662-B9B2-08BF954BA8B2}.Release|Any CPU.Build.0 = Release|Any CPU
		{8C093584-5281-4813-A720-25BE5FFEBC62}.Debug|Any CPU.ActiveCfg = Debug|Any CPU
		{8C093584-5281-4813-A720-25BE5FFEBC62}.Debug|Any CPU.Build.0 = Debug|Any CPU
		{8C093584-5281-4813-A720-25BE5FFEBC62}.Release|Any CPU.ActiveCfg = Release|Any CPU
		{8C093584-5281-4813-A720-25BE5FFEBC62}.Release|Any CPU.Build.0 = Release|Any CPU
		{A6D18CC6-4E24-4032-A9D3-B4C6F7C4F97D}.Debug|Any CPU.ActiveCfg = Debug|Any CPU
		{A6D18CC6-4E24-4032-A9D3-B4C6F7C4F97D}.Debug|Any CPU.Build.0 = Debug|Any CPU
		{A6D18CC6-4E24-4032-A9D3-B4C6F7C4F97D}.Release|Any CPU.ActiveCfg = Release|Any CPU
		{A6D18CC6-4E24-4032-A9D3-B4C6F7C4F97D}.Release|Any CPU.Build.0 = Release|Any CPU
		{E9C94369-302D-4D1E-963A-A0CC35B33F9E}.Debug|Any CPU.ActiveCfg = Debug|Any CPU
		{E9C94369-302D-4D1E-963A-A0CC35B33F9E}.Debug|Any CPU.Build.0 = Debug|Any CPU
		{E9C94369-302D-4D1E-963A-A0CC35B33F9E}.Release|Any CPU.ActiveCfg = Release|Any CPU
		{E9C94369-302D-4D1E-963A-A0CC35B33F9E}.Release|Any CPU.Build.0 = Release|Any CPU
		{BD01E706-FD7A-4142-B3F2-99FDDEFAA5FF}.Debug|Any CPU.ActiveCfg = Debug|Any CPU
		{BD01E706-FD7A-4142-B3F2-99FDDEFAA5FF}.Debug|Any CPU.Build.0 = Debug|Any CPU
		{BD01E706-FD7A-4142-B3F2-99FDDEFAA5FF}.Release|Any CPU.ActiveCfg = Release|Any CPU
		{BD01E706-FD7A-4142-B3F2-99FDDEFAA5FF}.Release|Any CPU.Build.0 = Release|Any CPU
		{AC321D91-D800-4780-9E3D-7D829D9BBEED}.Debug|Any CPU.ActiveCfg = Debug|Any CPU
		{AC321D91-D800-4780-9E3D-7D829D9BBEED}.Debug|Any CPU.Build.0 = Debug|Any CPU
		{AC321D91-D800-4780-9E3D-7D829D9BBEED}.Release|Any CPU.ActiveCfg = Release|Any CPU
		{AC321D91-D800-4780-9E3D-7D829D9BBEED}.Release|Any CPU.Build.0 = Release|Any CPU
		{3567C459-ED52-4346-9471-8BC377D03B3D}.Debug|Any CPU.ActiveCfg = Debug|Any CPU
		{3567C459-ED52-4346-9471-8BC377D03B3D}.Debug|Any CPU.Build.0 = Debug|Any CPU
		{3567C459-ED52-4346-9471-8BC377D03B3D}.Release|Any CPU.ActiveCfg = Release|Any CPU
		{3567C459-ED52-4346-9471-8BC377D03B3D}.Release|Any CPU.Build.0 = Release|Any CPU
		{A9A1E808-B982-4B97-B0D8-DD1036B2D86C}.Debug|Any CPU.ActiveCfg = Debug|Any CPU
		{A9A1E808-B982-4B97-B0D8-DD1036B2D86C}.Debug|Any CPU.Build.0 = Debug|Any CPU
		{A9A1E808-B982-4B97-B0D8-DD1036B2D86C}.Release|Any CPU.ActiveCfg = Release|Any CPU
		{A9A1E808-B982-4B97-B0D8-DD1036B2D86C}.Release|Any CPU.Build.0 = Release|Any CPU
		{F4BACE40-319D-4301-8231-48CE873C43CC}.Debug|Any CPU.ActiveCfg = Debug|Any CPU
		{F4BACE40-319D-4301-8231-48CE873C43CC}.Debug|Any CPU.Build.0 = Debug|Any CPU
		{F4BACE40-319D-4301-8231-48CE873C43CC}.Release|Any CPU.ActiveCfg = Release|Any CPU
		{F4BACE40-319D-4301-8231-48CE873C43CC}.Release|Any CPU.Build.0 = Release|Any CPU
		{D31A67D8-3E1E-4BC9-9671-4BB11143D44F}.Debug|Any CPU.ActiveCfg = Debug|Any CPU
		{D31A67D8-3E1E-4BC9-9671-4BB11143D44F}.Debug|Any CPU.Build.0 = Debug|Any CPU
		{D31A67D8-3E1E-4BC9-9671-4BB11143D44F}.Release|Any CPU.ActiveCfg = Release|Any CPU
		{D31A67D8-3E1E-4BC9-9671-4BB11143D44F}.Release|Any CPU.Build.0 = Release|Any CPU
		{BDC179C8-EA86-4DB7-9118-2AC3520B971D}.Debug|Any CPU.ActiveCfg = Debug|Any CPU
		{BDC179C8-EA86-4DB7-9118-2AC3520B971D}.Debug|Any CPU.Build.0 = Debug|Any CPU
		{BDC179C8-EA86-4DB7-9118-2AC3520B971D}.Release|Any CPU.ActiveCfg = Release|Any CPU
		{BDC179C8-EA86-4DB7-9118-2AC3520B971D}.Release|Any CPU.Build.0 = Release|Any CPU
		{2FB114DA-C41F-49D4-9AB2-A415F730463D}.Debug|Any CPU.ActiveCfg = Debug|Any CPU
		{2FB114DA-C41F-49D4-9AB2-A415F730463D}.Debug|Any CPU.Build.0 = Debug|Any CPU
		{2FB114DA-C41F-49D4-9AB2-A415F730463D}.Release|Any CPU.ActiveCfg = Release|Any CPU
		{2FB114DA-C41F-49D4-9AB2-A415F730463D}.Release|Any CPU.Build.0 = Release|Any CPU
		{40B0FDB6-707A-4077-B966-83B64C689E01}.Debug|Any CPU.ActiveCfg = Debug|Any CPU
		{40B0FDB6-707A-4077-B966-83B64C689E01}.Debug|Any CPU.Build.0 = Debug|Any CPU
		{40B0FDB6-707A-4077-B966-83B64C689E01}.Release|Any CPU.ActiveCfg = Release|Any CPU
		{40B0FDB6-707A-4077-B966-83B64C689E01}.Release|Any CPU.Build.0 = Release|Any CPU
		{547E32F7-AFC1-BC97-01AF-D8488FE0D96A}.Debug|Any CPU.ActiveCfg = Debug|Any CPU
		{547E32F7-AFC1-BC97-01AF-D8488FE0D96A}.Debug|Any CPU.Build.0 = Debug|Any CPU
		{547E32F7-AFC1-BC97-01AF-D8488FE0D96A}.Release|Any CPU.ActiveCfg = Release|Any CPU
		{547E32F7-AFC1-BC97-01AF-D8488FE0D96A}.Release|Any CPU.Build.0 = Release|Any CPU
	EndGlobalSection
	GlobalSection(SolutionProperties) = preSolution
		HideSolutionNode = FALSE
	EndGlobalSection
	GlobalSection(NestedProjects) = preSolution
		{2B1DBBE8-A0FB-4AE1-A0C4-7C9F9D467490} = {9AAE3DB4-AA9E-4407-B712-01C28AC8C9FD}
		{0FBB1A22-74C6-4E28-8485-426252190149} = {9AAE3DB4-AA9E-4407-B712-01C28AC8C9FD}
		{6965F227-1239-403E-98F1-D99F95BEF4FD} = {9AAE3DB4-AA9E-4407-B712-01C28AC8C9FD}
		{4AC27199-4CF8-4409-930D-A028210E98B7} = {9AAE3DB4-AA9E-4407-B712-01C28AC8C9FD}
		{5C0F4C75-BD62-493D-BF93-7F65811A82BB} = {9AAE3DB4-AA9E-4407-B712-01C28AC8C9FD}
		{85A33C94-6854-4631-B695-0AD0C415DBE0} = {5C0F4C75-BD62-493D-BF93-7F65811A82BB}
		{FC3DE692-D015-4984-B667-60EC87F0879B} = {5C0F4C75-BD62-493D-BF93-7F65811A82BB}
		{1BEE3E31-197C-42D6-8F23-5D130C1790A5} = {4AC27199-4CF8-4409-930D-A028210E98B7}
		{066EA3FF-314D-4BEF-BFCF-276DE46F6169} = {2B1DBBE8-A0FB-4AE1-A0C4-7C9F9D467490}
		{009B2215-572B-4A98-AF1D-7FDB9ADC615D} = {0FBB1A22-74C6-4E28-8485-426252190149}
		{95AFB157-1E84-4BA6-8AAA-3E835412F08E} = {6965F227-1239-403E-98F1-D99F95BEF4FD}
		{DBD85D27-4203-4045-B761-F3C59D1C442F} = {4AC27199-4CF8-4409-930D-A028210E98B7}
		{931057AC-7EAA-4E98-964E-8643BA93AD27} = {0FBB1A22-74C6-4E28-8485-426252190149}
		{6D9C3C88-10E3-4191-89FC-7692141E8B07} = {2B1DBBE8-A0FB-4AE1-A0C4-7C9F9D467490}
		{1560E4CF-F563-4D09-88AC-2DDC9F3B022C} = {5C0F4C75-BD62-493D-BF93-7F65811A82BB}
		{A1065BE2-EFEA-4041-91AB-4AF21CEF349D} = {5C0F4C75-BD62-493D-BF93-7F65811A82BB}
		{654412FE-8E0F-4C8F-9EBB-EBBA40FFC9FA} = {5C0F4C75-BD62-493D-BF93-7F65811A82BB}
		{008D8C1C-9BAB-46EB-86D5-3E121B175207} = {5C0F4C75-BD62-493D-BF93-7F65811A82BB}
		{AF201F94-C1E6-4117-B1C6-F2F618233D47} = {4AC27199-4CF8-4409-930D-A028210E98B7}
		{EBBE6312-D882-44F5-BB16-44A28B8DD9D5} = {0FBB1A22-74C6-4E28-8485-426252190149}
		{8493F89A-60C9-4C9A-875E-491CE64EC709} = {2B1DBBE8-A0FB-4AE1-A0C4-7C9F9D467490}
		{FEDEB229-95E1-446C-8262-336073B38588} = {6965F227-1239-403E-98F1-D99F95BEF4FD}
		{E11BC03A-19C7-4777-B63E-8D3C45C24594} = {4AC27199-4CF8-4409-930D-A028210E98B7}
		{94C9ACD4-A327-4F68-98FE-DC946B134A5E} = {5C0F4C75-BD62-493D-BF93-7F65811A82BB}
		{4EF7550F-3D4E-4947-AFD2-E21AEDF4F70E} = {4AC27199-4CF8-4409-930D-A028210E98B7}
		{E3C1110C-E1C5-4445-BB95-76F38C713E27} = {0FBB1A22-74C6-4E28-8485-426252190149}
		{1282B73A-A2DE-48F0-9E4B-EC1023C0CBF4} = {2B1DBBE8-A0FB-4AE1-A0C4-7C9F9D467490}
		{1A8E741E-1AE4-4DDD-B6B8-4B93BF91FBB7} = {6965F227-1239-403E-98F1-D99F95BEF4FD}
		{41233CEA-464D-485E-A9B4-2C483B56714A} = {4AC27199-4CF8-4409-930D-A028210E98B7}
		{08BBFC01-3AEC-48FB-8486-5025846CA09E} = {0FBB1A22-74C6-4E28-8485-426252190149}
		{2E947107-CF42-44F2-B6D8-E321C26A424D} = {2B1DBBE8-A0FB-4AE1-A0C4-7C9F9D467490}
		{2DEFDEC1-2C31-470F-B733-F3EF8136C257} = {5C0F4C75-BD62-493D-BF93-7F65811A82BB}
		{2A3FEFBD-007B-4205-990B-F8879CF8E11B} = {4AC27199-4CF8-4409-930D-A028210E98B7}
		{D9D3CBE4-E1FC-41AC-8271-DFD2886FDEC4} = {0FBB1A22-74C6-4E28-8485-426252190149}
		{3F0B36D6-D2E7-4ED6-A968-1AE352402575} = {2B1DBBE8-A0FB-4AE1-A0C4-7C9F9D467490}
		{798F9E0A-3439-424E-B907-772B7CF1433E} = {6965F227-1239-403E-98F1-D99F95BEF4FD}
		{769CC003-6EA9-428F-B154-F9BB9D9DBDC7} = {5C0F4C75-BD62-493D-BF93-7F65811A82BB}
		{A3C373CF-26DE-45D0-833B-12FEAA13D817} = {4AC27199-4CF8-4409-930D-A028210E98B7}
		{505B5FF8-8F8E-4C40-B2A0-D167423B3577} = {0FBB1A22-74C6-4E28-8485-426252190149}
		{33A113D6-DF23-4973-B904-A34105467B57} = {2B1DBBE8-A0FB-4AE1-A0C4-7C9F9D467490}
		{781E0998-5232-4076-885A-4B6FCD5ACDDB} = {6965F227-1239-403E-98F1-D99F95BEF4FD}
		{045817E7-D5AA-49C6-8245-47C67135CFEF} = {5C0F4C75-BD62-493D-BF93-7F65811A82BB}
		{B00A31F6-85CD-46CC-AD2C-83DA7FE9663A} = {4AC27199-4CF8-4409-930D-A028210E98B7}
		{8858EB43-F8F9-4662-B9B2-08BF954BA8B2} = {6965F227-1239-403E-98F1-D99F95BEF4FD}
		{8C093584-5281-4813-A720-25BE5FFEBC62} = {2B1DBBE8-A0FB-4AE1-A0C4-7C9F9D467490}
		{A6D18CC6-4E24-4032-A9D3-B4C6F7C4F97D} = {0FBB1A22-74C6-4E28-8485-426252190149}
		{E9C94369-302D-4D1E-963A-A0CC35B33F9E} = {5C0F4C75-BD62-493D-BF93-7F65811A82BB}
		{BD01E706-FD7A-4142-B3F2-99FDDEFAA5FF} = {4AC27199-4CF8-4409-930D-A028210E98B7}
		{AC321D91-D800-4780-9E3D-7D829D9BBEED} = {0FBB1A22-74C6-4E28-8485-426252190149}
		{3567C459-ED52-4346-9471-8BC377D03B3D} = {2B1DBBE8-A0FB-4AE1-A0C4-7C9F9D467490}
		{A9A1E808-B982-4B97-B0D8-DD1036B2D86C} = {6965F227-1239-403E-98F1-D99F95BEF4FD}
		{F4BACE40-319D-4301-8231-48CE873C43CC} = {4AC27199-4CF8-4409-930D-A028210E98B7}
		{D31A67D8-3E1E-4BC9-9671-4BB11143D44F} = {6965F227-1239-403E-98F1-D99F95BEF4FD}
		{BDC179C8-EA86-4DB7-9118-2AC3520B971D} = {2B1DBBE8-A0FB-4AE1-A0C4-7C9F9D467490}
		{2FB114DA-C41F-49D4-9AB2-A415F730463D} = {0FBB1A22-74C6-4E28-8485-426252190149}
		{85BA2809-EF40-4F1E-A7D7-8DEA16957E1E} = {9AAE3DB4-AA9E-4407-B712-01C28AC8C9FD}
		{40B0FDB6-707A-4077-B966-83B64C689E01} = {85BA2809-EF40-4F1E-A7D7-8DEA16957E1E}
		{547E32F7-AFC1-BC97-01AF-D8488FE0D96A} = {85BA2809-EF40-4F1E-A7D7-8DEA16957E1E}
	EndGlobalSection
	GlobalSection(ExtensibilityGlobals) = postSolution
		SolutionGuid = {16994D4B-7F71-40F8-90BD-7BF9D9A9EAE9}
	EndGlobalSection
EndGlobal
