
Microsoft Visual Studio Solution File, Format Version 12.00
# Visual Studio Version 17
VisualStudioVersion = 17.0.31903.59
MinimumVisualStudioVersion = 10.0.40219.1
Project("{2150E333-8FDC-42A3-9474-1A3956D46DE8}") = "src", "src", "{9AAE3DB4-AA9E-4407-B712-01C28AC8C9FD}"
EndProject
Project("{2150E333-8FDC-42A3-9474-1A3956D46DE8}") = "HC.Core", "HC.Core", "{963A15C3-773A-423D-A489-DD142B1AA3B2}"
EndProject
Project("{2150E333-8FDC-42A3-9474-1A3956D46DE8}") = "HC.Infrastructure", "HC.Infrastructure", "{72E3648D-8890-402D-B3C7-EE727C5B12E3}"
EndProject
Project("{2150E333-8FDC-42A3-9474-1A3956D46DE8}") = "HC.API", "HC.API", "{1400D5C0-A4AF-43BF-84C8-E4B595B82F91}"
EndProject
Project("{9A19103F-16F7-4668-BE54-9A1E7A4F7556}") = "HC.API", "HC.API\HC.API.csproj", "{95AFDB3C-A6D6-4754-87DC-707EEFBDFBFD}"
EndProject
Project("{9A19103F-16F7-4668-BE54-9A1E7A4F7556}") = "HC.Domain", "HC.Domain\HC.Domain.csproj", "{5DB7F4B0-510E-4D89-A536-47FD351A1313}"
EndProject
Project("{9A19103F-16F7-4668-BE54-9A1E7A4F7556}") = "HC.Application", "HC.Application\HC.Application.csproj", "{30D1270A-9FCA-42C9-98A4-D39B898D5144}"
EndProject
Project("{9A19103F-16F7-4668-BE54-9A1E7A4F7556}") = "HC.Infrastructure", "HC.Infrastructure\HC.Infrastructure.csproj", "{38BBABC2-A8D5-48BB-826A-F57B31C723C4}"
EndProject
Project("{2150E333-8FDC-42A3-9474-1A3956D46DE8}") = "HC.Tests", "HC.Tests", "{E82F04B0-6D6D-4916-84DF-F81E69B71565}"
EndProject
Project("{9A19103F-16F7-4668-BE54-9A1E7A4F7556}") = "Tests", "Tests\Tests.csproj", "{63093B5D-DFE9-43A2-821A-DFB8B074EA88}"
EndProject
Project("{2150E333-8FDC-42A3-9474-1A3956D46DE8}") = "Solution Items", "Solution Items", "{BA588CBA-8D25-48C4-829E-45FAB04C26CF}"
	ProjectSection(SolutionItems) = preProject
		.editorconfig = .editorconfig
	EndProjectSection
EndProject
Project("{E53339B2-1760-4266-BCC7-CA923CBCF16C}") = "docker-compose", "docker-compose.dcproj", "{13B4B2CB-7C73-47F0-82A2-F6049077ADFD}"
EndProject
Global
	GlobalSection(SolutionConfigurationPlatforms) = preSolution
		Debug|Any CPU = Debug|Any CPU
		Release|Any CPU = Release|Any CPU
	EndGlobalSection
	GlobalSection(ProjectConfigurationPlatforms) = postSolution
		{95AFDB3C-A6D6-4754-87DC-707EEFBDFBFD}.Debug|Any CPU.ActiveCfg = Debug|Any CPU
		{95AFDB3C-A6D6-4754-87DC-707EEFBDFBFD}.Debug|Any CPU.Build.0 = Debug|Any CPU
		{95AFDB3C-A6D6-4754-87DC-707EEFBDFBFD}.Release|Any CPU.ActiveCfg = Release|Any CPU
		{95AFDB3C-A6D6-4754-87DC-707EEFBDFBFD}.Release|Any CPU.Build.0 = Release|Any CPU
		{5DB7F4B0-510E-4D89-A536-47FD351A1313}.Debug|Any CPU.ActiveCfg = Debug|Any CPU
		{5DB7F4B0-510E-4D89-A536-47FD351A1313}.Debug|Any CPU.Build.0 = Debug|Any CPU
		{5DB7F4B0-510E-4D89-A536-47FD351A1313}.Release|Any CPU.ActiveCfg = Release|Any CPU
		{5DB7F4B0-510E-4D89-A536-47FD351A1313}.Release|Any CPU.Build.0 = Release|Any CPU
		{30D1270A-9FCA-42C9-98A4-D39B898D5144}.Debug|Any CPU.ActiveCfg = Debug|Any CPU
		{30D1270A-9FCA-42C9-98A4-D39B898D5144}.Debug|Any CPU.Build.0 = Debug|Any CPU
		{30D1270A-9FCA-42C9-98A4-D39B898D5144}.Release|Any CPU.ActiveCfg = Release|Any CPU
		{30D1270A-9FCA-42C9-98A4-D39B898D5144}.Release|Any CPU.Build.0 = Release|Any CPU
		{38BBABC2-A8D5-48BB-826A-F57B31C723C4}.Debug|Any CPU.ActiveCfg = Debug|Any CPU
		{38BBABC2-A8D5-48BB-826A-F57B31C723C4}.Debug|Any CPU.Build.0 = Debug|Any CPU
		{38BBABC2-A8D5-48BB-826A-F57B31C723C4}.Release|Any CPU.ActiveCfg = Release|Any CPU
		{38BBABC2-A8D5-48BB-826A-F57B31C723C4}.Release|Any CPU.Build.0 = Release|Any CPU
		{63093B5D-DFE9-43A2-821A-DFB8B074EA88}.Debug|Any CPU.ActiveCfg = Debug|Any CPU
		{63093B5D-DFE9-43A2-821A-DFB8B074EA88}.Debug|Any CPU.Build.0 = Debug|Any CPU
		{63093B5D-DFE9-43A2-821A-DFB8B074EA88}.Release|Any CPU.ActiveCfg = Release|Any CPU
		{63093B5D-DFE9-43A2-821A-DFB8B074EA88}.Release|Any CPU.Build.0 = Release|Any CPU
		{13B4B2CB-7C73-47F0-82A2-F6049077ADFD}.Debug|Any CPU.ActiveCfg = Debug|Any CPU
		{13B4B2CB-7C73-47F0-82A2-F6049077ADFD}.Debug|Any CPU.Build.0 = Debug|Any CPU
		{13B4B2CB-7C73-47F0-82A2-F6049077ADFD}.Release|Any CPU.ActiveCfg = Release|Any CPU
		{13B4B2CB-7C73-47F0-82A2-F6049077ADFD}.Release|Any CPU.Build.0 = Release|Any CPU
	EndGlobalSection
	GlobalSection(SolutionProperties) = preSolution
		HideSolutionNode = FALSE
	EndGlobalSection
	GlobalSection(NestedProjects) = preSolution
		{963A15C3-773A-423D-A489-DD142B1AA3B2} = {9AAE3DB4-AA9E-4407-B712-01C28AC8C9FD}
		{72E3648D-8890-402D-B3C7-EE727C5B12E3} = {9AAE3DB4-AA9E-4407-B712-01C28AC8C9FD}
		{1400D5C0-A4AF-43BF-84C8-E4B595B82F91} = {9AAE3DB4-AA9E-4407-B712-01C28AC8C9FD}
		{95AFDB3C-A6D6-4754-87DC-707EEFBDFBFD} = {1400D5C0-A4AF-43BF-84C8-E4B595B82F91}
		{5DB7F4B0-510E-4D89-A536-47FD351A1313} = {963A15C3-773A-423D-A489-DD142B1AA3B2}
		{30D1270A-9FCA-42C9-98A4-D39B898D5144} = {963A15C3-773A-423D-A489-DD142B1AA3B2}
		{38BBABC2-A8D5-48BB-826A-F57B31C723C4} = {72E3648D-8890-402D-B3C7-EE727C5B12E3}
		{E82F04B0-6D6D-4916-84DF-F81E69B71565} = {9AAE3DB4-AA9E-4407-B712-01C28AC8C9FD}
		{63093B5D-DFE9-43A2-821A-DFB8B074EA88} = {E82F04B0-6D6D-4916-84DF-F81E69B71565}
		{13B4B2CB-7C73-47F0-82A2-F6049077ADFD} = {72E3648D-8890-402D-B3C7-EE727C5B12E3}
	EndGlobalSection
	GlobalSection(ExtensibilityGlobals) = postSolution
		SolutionGuid = {16994D4B-7F71-40F8-90BD-7BF9D9A9EAE9}
	EndGlobalSection
EndGlobal
