
Microsoft Visual Studio Solution File, Format Version 12.00
# Visual Studio Version 17
VisualStudioVersion = 17.0.31903.59
MinimumVisualStudioVersion = 10.0.40219.1
Project("{2150E333-8FDC-42A3-9474-1A3956D46DE8}") = "src", "src", "{9AAE3DB4-AA9E-4407-B712-01C28AC8C9FD}"
EndProject
Project("{2150E333-8FDC-42A3-9474-1A3956D46DE8}") = "Core", "Core", "{963A15C3-773A-423D-A489-DD142B1AA3B2}"
EndProject
Project("{2150E333-8FDC-42A3-9474-1A3956D46DE8}") = "Infrastructure", "Infrastructure", "{72E3648D-8890-402D-B3C7-EE727C5B12E3}"
EndProject
Project("{2150E333-8FDC-42A3-9474-1A3956D46DE8}") = "Presentation", "Presentation", "{1400D5C0-A4AF-43BF-84C8-E4B595B82F91}"
EndProject
Project("{9A19103F-16F7-4668-BE54-9A1E7A4F7556}") = "HC.API", "HC.API\HC.API.csproj", "{95AFDB3C-A6D6-4754-87DC-707EEFBDFBFD}"
EndProject
Project("{9A19103F-16F7-4668-BE54-9A1E7A4F7556}") = "HC.Domain", "HC.Domain\HC.Domain.csproj", "{5DB7F4B0-510E-4D89-A536-47FD351A1313}"
EndProject
Project("{2150E333-8FDC-42A3-9474-1A3956D46DE8}") = "Solution Items", "Solution Items", "{BA588CBA-8D25-48C4-829E-45FAB04C26CF}"
	ProjectSection(SolutionItems) = preProject
		.editorconfig = .editorconfig
	EndProjectSection
EndProject
Project("{E53339B2-1760-4266-BCC7-CA923CBCF16C}") = "docker-compose", "docker-compose.dcproj", "{13B4B2CB-7C73-47F0-82A2-F6049077ADFD}"
EndProject
Project("{9A19103F-16F7-4668-BE54-9A1E7A4F7556}") = "HC.Domain.Tests", "HC.Domain.Tests\HC.Domain.Tests.csproj", "{A434075E-AFEC-4BD1-A280-C027363B00C8}"
EndProject
Project("{9A19103F-16F7-4668-BE54-9A1E7A4F7556}") = "HC.Persistence.Write", "HC.Persistence.Write\HC.Persistence.Write.csproj", "{5E652F1F-1ADF-44AE-BA4E-72BF1A397246}"
EndProject
Project("{9A19103F-16F7-4668-BE54-9A1E7A4F7556}") = "HC.Persistence.Read", "HC.Persistence.Read\HC.Persistence.Read.csproj", "{8632BD73-76E0-4743-9432-E2C6D74BED3B}"
EndProject
Project("{9A19103F-16F7-4668-BE54-9A1E7A4F7556}") = "HC.Application.Read", "HC.Application.Read\HC.Application.Read.csproj", "{0A6AD54B-2183-4AB2-B2F0-54BC8250A12E}"
EndProject
Project("{9A19103F-16F7-4668-BE54-9A1E7A4F7556}") = "HC.Application.Write", "HC.Application.Write\HC.Application.Write.csproj", "{8A5D62BA-C700-4F88-9A18-6F34C901E9DC}"
EndProject
Project("{9A19103F-16F7-4668-BE54-9A1E7A4F7556}") = "HC.Application.Common", "HC.Application.Common\HC.Application.Common.csproj", "{83181386-3FE8-43E8-9348-F9C09151B336}"
EndProject
Project("{9A19103F-16F7-4668-BE54-9A1E7A4F7556}") = "HC.Persistence.Context", "HC.Persistence.Context\HC.Persistence.Context.csproj", "{28BF1250-1377-4996-BAFF-0AE96D598BFB}"
EndProject
Project("{9A19103F-16F7-4668-BE54-9A1E7A4F7556}") = "HC.Infrastructure.Jobs", "HC.Infrastructure.Jobs\HC.Infrastructure.Jobs.csproj", "{EBC876E9-0FD7-4233-B85D-0485512F0D69}"
EndProject
Project("{9A19103F-16F7-4668-BE54-9A1E7A4F7556}") = "HC.Infrastructure.EventHandlers", "HC.Infrastructure.EventHandlers\HC.Infrastructure.EventHandlers.csproj", "{6AE08808-87AF-4E4A-9913-81E08B6ACF13}"
EndProject
Project("{9A19103F-16F7-4668-BE54-9A1E7A4F7556}") = "HC.Infrastructure.SignalR", "HC.Infrastructure.SignalR\HC.Infrastructure.SignalR.csproj", "{806D06DE-56B0-4A8A-9E33-4F8B06A1143F}"
EndProject
Project("{2150E333-8FDC-42A3-9474-1A3956D46DE8}") = "Persistence", "Persistence", "{3F23DD59-4E3F-412E-AE85-ACF9FA441DA9}"
EndProject
Global
	GlobalSection(SolutionConfigurationPlatforms) = preSolution
		Debug|Any CPU = Debug|Any CPU
		Release|Any CPU = Release|Any CPU
	EndGlobalSection
	GlobalSection(ProjectConfigurationPlatforms) = postSolution
		{95AFDB3C-A6D6-4754-87DC-707EEFBDFBFD}.Debug|Any CPU.ActiveCfg = Debug|Any CPU
		{95AFDB3C-A6D6-4754-87DC-707EEFBDFBFD}.Debug|Any CPU.Build.0 = Debug|Any CPU
		{95AFDB3C-A6D6-4754-87DC-707EEFBDFBFD}.Release|Any CPU.ActiveCfg = Release|Any CPU
		{95AFDB3C-A6D6-4754-87DC-707EEFBDFBFD}.Release|Any CPU.Build.0 = Release|Any CPU
		{5DB7F4B0-510E-4D89-A536-47FD351A1313}.Debug|Any CPU.ActiveCfg = Debug|Any CPU
		{5DB7F4B0-510E-4D89-A536-47FD351A1313}.Debug|Any CPU.Build.0 = Debug|Any CPU
		{5DB7F4B0-510E-4D89-A536-47FD351A1313}.Release|Any CPU.ActiveCfg = Release|Any CPU
		{5DB7F4B0-510E-4D89-A536-47FD351A1313}.Release|Any CPU.Build.0 = Release|Any CPU
		{13B4B2CB-7C73-47F0-82A2-F6049077ADFD}.Debug|Any CPU.ActiveCfg = Debug|Any CPU
		{13B4B2CB-7C73-47F0-82A2-F6049077ADFD}.Debug|Any CPU.Build.0 = Debug|Any CPU
		{13B4B2CB-7C73-47F0-82A2-F6049077ADFD}.Release|Any CPU.ActiveCfg = Release|Any CPU
		{13B4B2CB-7C73-47F0-82A2-F6049077ADFD}.Release|Any CPU.Build.0 = Release|Any CPU
		{A434075E-AFEC-4BD1-A280-C027363B00C8}.Debug|Any CPU.ActiveCfg = Debug|Any CPU
		{A434075E-AFEC-4BD1-A280-C027363B00C8}.Debug|Any CPU.Build.0 = Debug|Any CPU
		{A434075E-AFEC-4BD1-A280-C027363B00C8}.Release|Any CPU.ActiveCfg = Release|Any CPU
		{A434075E-AFEC-4BD1-A280-C027363B00C8}.Release|Any CPU.Build.0 = Release|Any CPU
		{5E652F1F-1ADF-44AE-BA4E-72BF1A397246}.Debug|Any CPU.ActiveCfg = Debug|Any CPU
		{5E652F1F-1ADF-44AE-BA4E-72BF1A397246}.Debug|Any CPU.Build.0 = Debug|Any CPU
		{5E652F1F-1ADF-44AE-BA4E-72BF1A397246}.Release|Any CPU.ActiveCfg = Release|Any CPU
		{5E652F1F-1ADF-44AE-BA4E-72BF1A397246}.Release|Any CPU.Build.0 = Release|Any CPU
		{8632BD73-76E0-4743-9432-E2C6D74BED3B}.Debug|Any CPU.ActiveCfg = Debug|Any CPU
		{8632BD73-76E0-4743-9432-E2C6D74BED3B}.Debug|Any CPU.Build.0 = Debug|Any CPU
		{8632BD73-76E0-4743-9432-E2C6D74BED3B}.Release|Any CPU.ActiveCfg = Release|Any CPU
		{8632BD73-76E0-4743-9432-E2C6D74BED3B}.Release|Any CPU.Build.0 = Release|Any CPU
		{0A6AD54B-2183-4AB2-B2F0-54BC8250A12E}.Debug|Any CPU.ActiveCfg = Debug|Any CPU
		{0A6AD54B-2183-4AB2-B2F0-54BC8250A12E}.Debug|Any CPU.Build.0 = Debug|Any CPU
		{0A6AD54B-2183-4AB2-B2F0-54BC8250A12E}.Release|Any CPU.ActiveCfg = Release|Any CPU
		{0A6AD54B-2183-4AB2-B2F0-54BC8250A12E}.Release|Any CPU.Build.0 = Release|Any CPU
		{8A5D62BA-C700-4F88-9A18-6F34C901E9DC}.Debug|Any CPU.ActiveCfg = Debug|Any CPU
		{8A5D62BA-C700-4F88-9A18-6F34C901E9DC}.Debug|Any CPU.Build.0 = Debug|Any CPU
		{8A5D62BA-C700-4F88-9A18-6F34C901E9DC}.Release|Any CPU.ActiveCfg = Release|Any CPU
		{8A5D62BA-C700-4F88-9A18-6F34C901E9DC}.Release|Any CPU.Build.0 = Release|Any CPU
		{83181386-3FE8-43E8-9348-F9C09151B336}.Debug|Any CPU.ActiveCfg = Debug|Any CPU
		{83181386-3FE8-43E8-9348-F9C09151B336}.Debug|Any CPU.Build.0 = Debug|Any CPU
		{83181386-3FE8-43E8-9348-F9C09151B336}.Release|Any CPU.ActiveCfg = Release|Any CPU
		{83181386-3FE8-43E8-9348-F9C09151B336}.Release|Any CPU.Build.0 = Release|Any CPU
		{28BF1250-1377-4996-BAFF-0AE96D598BFB}.Debug|Any CPU.ActiveCfg = Debug|Any CPU
		{28BF1250-1377-4996-BAFF-0AE96D598BFB}.Debug|Any CPU.Build.0 = Debug|Any CPU
		{28BF1250-1377-4996-BAFF-0AE96D598BFB}.Release|Any CPU.ActiveCfg = Release|Any CPU
		{28BF1250-1377-4996-BAFF-0AE96D598BFB}.Release|Any CPU.Build.0 = Release|Any CPU
		{EBC876E9-0FD7-4233-B85D-0485512F0D69}.Debug|Any CPU.ActiveCfg = Debug|Any CPU
		{EBC876E9-0FD7-4233-B85D-0485512F0D69}.Debug|Any CPU.Build.0 = Debug|Any CPU
		{EBC876E9-0FD7-4233-B85D-0485512F0D69}.Release|Any CPU.ActiveCfg = Release|Any CPU
		{EBC876E9-0FD7-4233-B85D-0485512F0D69}.Release|Any CPU.Build.0 = Release|Any CPU
		{6AE08808-87AF-4E4A-9913-81E08B6ACF13}.Debug|Any CPU.ActiveCfg = Debug|Any CPU
		{6AE08808-87AF-4E4A-9913-81E08B6ACF13}.Debug|Any CPU.Build.0 = Debug|Any CPU
		{6AE08808-87AF-4E4A-9913-81E08B6ACF13}.Release|Any CPU.ActiveCfg = Release|Any CPU
		{6AE08808-87AF-4E4A-9913-81E08B6ACF13}.Release|Any CPU.Build.0 = Release|Any CPU
		{806D06DE-56B0-4A8A-9E33-4F8B06A1143F}.Debug|Any CPU.ActiveCfg = Debug|Any CPU
		{806D06DE-56B0-4A8A-9E33-4F8B06A1143F}.Debug|Any CPU.Build.0 = Debug|Any CPU
		{806D06DE-56B0-4A8A-9E33-4F8B06A1143F}.Release|Any CPU.ActiveCfg = Release|Any CPU
		{806D06DE-56B0-4A8A-9E33-4F8B06A1143F}.Release|Any CPU.Build.0 = Release|Any CPU
	EndGlobalSection
	GlobalSection(SolutionProperties) = preSolution
		HideSolutionNode = FALSE
	EndGlobalSection
	GlobalSection(NestedProjects) = preSolution
		{963A15C3-773A-423D-A489-DD142B1AA3B2} = {9AAE3DB4-AA9E-4407-B712-01C28AC8C9FD}
		{72E3648D-8890-402D-B3C7-EE727C5B12E3} = {9AAE3DB4-AA9E-4407-B712-01C28AC8C9FD}
		{1400D5C0-A4AF-43BF-84C8-E4B595B82F91} = {9AAE3DB4-AA9E-4407-B712-01C28AC8C9FD}
		{95AFDB3C-A6D6-4754-87DC-707EEFBDFBFD} = {1400D5C0-A4AF-43BF-84C8-E4B595B82F91}
		{5DB7F4B0-510E-4D89-A536-47FD351A1313} = {963A15C3-773A-423D-A489-DD142B1AA3B2}
		{13B4B2CB-7C73-47F0-82A2-F6049077ADFD} = {72E3648D-8890-402D-B3C7-EE727C5B12E3}
		{A434075E-AFEC-4BD1-A280-C027363B00C8} = {963A15C3-773A-423D-A489-DD142B1AA3B2}
		{5E652F1F-1ADF-44AE-BA4E-72BF1A397246} = {3F23DD59-4E3F-412E-AE85-ACF9FA441DA9}
		{8632BD73-76E0-4743-9432-E2C6D74BED3B} = {3F23DD59-4E3F-412E-AE85-ACF9FA441DA9}
		{0A6AD54B-2183-4AB2-B2F0-54BC8250A12E} = {963A15C3-773A-423D-A489-DD142B1AA3B2}
		{8A5D62BA-C700-4F88-9A18-6F34C901E9DC} = {963A15C3-773A-423D-A489-DD142B1AA3B2}
		{83181386-3FE8-43E8-9348-F9C09151B336} = {963A15C3-773A-423D-A489-DD142B1AA3B2}
		{28BF1250-1377-4996-BAFF-0AE96D598BFB} = {3F23DD59-4E3F-412E-AE85-ACF9FA441DA9}
		{EBC876E9-0FD7-4233-B85D-0485512F0D69} = {72E3648D-8890-402D-B3C7-EE727C5B12E3}
		{6AE08808-87AF-4E4A-9913-81E08B6ACF13} = {72E3648D-8890-402D-B3C7-EE727C5B12E3}
		{806D06DE-56B0-4A8A-9E33-4F8B06A1143F} = {72E3648D-8890-402D-B3C7-EE727C5B12E3}
		{3F23DD59-4E3F-412E-AE85-ACF9FA441DA9} = {72E3648D-8890-402D-B3C7-EE727C5B12E3}
	EndGlobalSection
	GlobalSection(ExtensibilityGlobals) = postSolution
		SolutionGuid = {16994D4B-7F71-40F8-90BD-7BF9D9A9EAE9}
	EndGlobalSection
EndGlobal
